// !$*UTF8*$!
{
	archiveVersion = 1;
	classes = {
	};
	objectVersion = 50;
	objects = {

/* Begin PBXBuildFile section */
		C94E2C84259B5E550014A338 /* AppDelegate.swift in Sources */ = {isa = PBXBuildFile; fileRef = C94E2C83259B5E550014A338 /* AppDelegate.swift */; };
		C94E2C86259B5E550014A338 /* SceneDelegate.swift in Sources */ = {isa = PBXBuildFile; fileRef = C94E2C85259B5E550014A338 /* SceneDelegate.swift */; };
		C94E2C88259B5E550014A338 /* ViewController.swift in Sources */ = {isa = PBXBuildFile; fileRef = C94E2C87259B5E550014A338 /* ViewController.swift */; };
		C94E2C8B259B5E550014A338 /* Main.storyboard in Resources */ = {isa = PBXBuildFile; fileRef = C94E2C89259B5E550014A338 /* Main.storyboard */; };
		C94E2C8D259B5E5E0014A338 /* Assets.xcassets in Resources */ = {isa = PBXBuildFile; fileRef = C94E2C8C259B5E5E0014A338 /* Assets.xcassets */; };
		C94E2C90259B5E5E0014A338 /* LaunchScreen.storyboard in Resources */ = {isa = PBXBuildFile; fileRef = C94E2C8E259B5E5E0014A338 /* LaunchScreen.storyboard */; };
		C94E2C9B259B5E5E0014A338 /* Lunch_MoneyTests.swift in Sources */ = {isa = PBXBuildFile; fileRef = C94E2C9A259B5E5E0014A338 /* Lunch_MoneyTests.swift */; };
		C94E2CA6259B5E5F0014A338 /* Lunch_MoneyUITests.swift in Sources */ = {isa = PBXBuildFile; fileRef = C94E2CA5259B5E5F0014A338 /* Lunch_MoneyUITests.swift */; };
/* End PBXBuildFile section */

/* Begin PBXContainerItemProxy section */
		C94E2C97259B5E5E0014A338 /* PBXContainerItemProxy */ = {
			isa = PBXContainerItemProxy;
			containerPortal = C94E2C78259B5E550014A338 /* Project object */;
			proxyType = 1;
			remoteGlobalIDString = C94E2C7F259B5E550014A338;
			remoteInfo = "Lunch Money";
		};
		C94E2CA2259B5E5F0014A338 /* PBXContainerItemProxy */ = {
			isa = PBXContainerItemProxy;
			containerPortal = C94E2C78259B5E550014A338 /* Project object */;
			proxyType = 1;
			remoteGlobalIDString = C94E2C7F259B5E550014A338;
			remoteInfo = "Lunch Money";
		};
/* End PBXContainerItemProxy section */

/* Begin PBXFileReference section */
		C94E2C80259B5E550014A338 /* Lunch Money.app */ = {isa = PBXFileReference; explicitFileType = wrapper.application; includeInIndex = 0; path = "Lunch Money.app"; sourceTree = BUILT_PRODUCTS_DIR; };
		C94E2C83259B5E550014A338 /* AppDelegate.swift */ = {isa = PBXFileReference; lastKnownFileType = sourcecode.swift; path = AppDelegate.swift; sourceTree = "<group>"; };
		C94E2C85259B5E550014A338 /* SceneDelegate.swift */ = {isa = PBXFileReference; lastKnownFileType = sourcecode.swift; path = SceneDelegate.swift; sourceTree = "<group>"; };
		C94E2C87259B5E550014A338 /* ViewController.swift */ = {isa = PBXFileReference; lastKnownFileType = sourcecode.swift; path = ViewController.swift; sourceTree = "<group>"; };
		C94E2C8A259B5E550014A338 /* Base */ = {isa = PBXFileReference; lastKnownFileType = file.storyboard; name = Base; path = Base.lproj/Main.storyboard; sourceTree = "<group>"; };
		C94E2C8C259B5E5E0014A338 /* Assets.xcassets */ = {isa = PBXFileReference; lastKnownFileType = folder.assetcatalog; path = Assets.xcassets; sourceTree = "<group>"; };
		C94E2C8F259B5E5E0014A338 /* Base */ = {isa = PBXFileReference; lastKnownFileType = file.storyboard; name = Base; path = Base.lproj/LaunchScreen.storyboard; sourceTree = "<group>"; };
		C94E2C91259B5E5E0014A338 /* Info.plist */ = {isa = PBXFileReference; lastKnownFileType = text.plist.xml; path = Info.plist; sourceTree = "<group>"; };
		C94E2C96259B5E5E0014A338 /* Lunch MoneyTests.xctest */ = {isa = PBXFileReference; explicitFileType = wrapper.cfbundle; includeInIndex = 0; path = "Lunch MoneyTests.xctest"; sourceTree = BUILT_PRODUCTS_DIR; };
		C94E2C9A259B5E5E0014A338 /* Lunch_MoneyTests.swift */ = {isa = PBXFileReference; lastKnownFileType = sourcecode.swift; path = Lunch_MoneyTests.swift; sourceTree = "<group>"; };
		C94E2C9C259B5E5E0014A338 /* Info.plist */ = {isa = PBXFileReference; lastKnownFileType = text.plist.xml; path = Info.plist; sourceTree = "<group>"; };
		C94E2CA1259B5E5F0014A338 /* Lunch MoneyUITests.xctest */ = {isa = PBXFileReference; explicitFileType = wrapper.cfbundle; includeInIndex = 0; path = "Lunch MoneyUITests.xctest"; sourceTree = BUILT_PRODUCTS_DIR; };
		C94E2CA5259B5E5F0014A338 /* Lunch_MoneyUITests.swift */ = {isa = PBXFileReference; lastKnownFileType = sourcecode.swift; path = Lunch_MoneyUITests.swift; sourceTree = "<group>"; };
		C94E2CA7259B5E5F0014A338 /* Info.plist */ = {isa = PBXFileReference; lastKnownFileType = text.plist.xml; path = Info.plist; sourceTree = "<group>"; };
/* End PBXFileReference section */

/* Begin PBXFrameworksBuildPhase section */
		C94E2C7D259B5E550014A338 /* Frameworks */ = {
			isa = PBXFrameworksBuildPhase;
			buildActionMask = 2147483647;
			files = (
			);
			runOnlyForDeploymentPostprocessing = 0;
		};
		C94E2C93259B5E5E0014A338 /* Frameworks */ = {
			isa = PBXFrameworksBuildPhase;
			buildActionMask = 2147483647;
			files = (
			);
			runOnlyForDeploymentPostprocessing = 0;
		};
		C94E2C9E259B5E5F0014A338 /* Frameworks */ = {
			isa = PBXFrameworksBuildPhase;
			buildActionMask = 2147483647;
			files = (
			);
			runOnlyForDeploymentPostprocessing = 0;
		};
/* End PBXFrameworksBuildPhase section */

/* Begin PBXGroup section */
		C94E2C77259B5E550014A338 = {
			isa = PBXGroup;
			children = (
				C94E2C82259B5E550014A338 /* Lunch Money */,
				C94E2C99259B5E5E0014A338 /* Lunch MoneyTests */,
				C94E2CA4259B5E5F0014A338 /* Lunch MoneyUITests */,
				C94E2C81259B5E550014A338 /* Products */,
			);
			sourceTree = "<group>";
		};
		C94E2C81259B5E550014A338 /* Products */ = {
			isa = PBXGroup;
			children = (
				C94E2C80259B5E550014A338 /* Lunch Money.app */,
				C94E2C96259B5E5E0014A338 /* Lunch MoneyTests.xctest */,
				C94E2CA1259B5E5F0014A338 /* Lunch MoneyUITests.xctest */,
			);
			name = Products;
			sourceTree = "<group>";
		};
		C94E2C82259B5E550014A338 /* Lunch Money */ = {
			isa = PBXGroup;
			children = (
				C94E2C83259B5E550014A338 /* AppDelegate.swift */,
				C94E2C85259B5E550014A338 /* SceneDelegate.swift */,
				C94E2C87259B5E550014A338 /* ViewController.swift */,
				C94E2C89259B5E550014A338 /* Main.storyboard */,
				C94E2C8C259B5E5E0014A338 /* Assets.xcassets */,
				C94E2C8E259B5E5E0014A338 /* LaunchScreen.storyboard */,
				C94E2C91259B5E5E0014A338 /* Info.plist */,
			);
			path = "Lunch Money";
			sourceTree = "<group>";
		};
		C94E2C99259B5E5E0014A338 /* Lunch MoneyTests */ = {
			isa = PBXGroup;
			children = (
				C94E2C9A259B5E5E0014A338 /* Lunch_MoneyTests.swift */,
				C94E2C9C259B5E5E0014A338 /* Info.plist */,
			);
			path = "Lunch MoneyTests";
			sourceTree = "<group>";
		};
		C94E2CA4259B5E5F0014A338 /* Lunch MoneyUITests */ = {
			isa = PBXGroup;
			children = (
				C94E2CA5259B5E5F0014A338 /* Lunch_MoneyUITests.swift */,
				C94E2CA7259B5E5F0014A338 /* Info.plist */,
			);
			path = "Lunch MoneyUITests";
			sourceTree = "<group>";
		};
/* End PBXGroup section */

/* Begin PBXNativeTarget section */
		C94E2C7F259B5E550014A338 /* Lunch Money */ = {
			isa = PBXNativeTarget;
			buildConfigurationList = C94E2CAA259B5E5F0014A338 /* Build configuration list for PBXNativeTarget "Lunch Money" */;
			buildPhases = (
				C94E2C7C259B5E550014A338 /* Sources */,
				C94E2C7D259B5E550014A338 /* Frameworks */,
				C94E2C7E259B5E550014A338 /* Resources */,
			);
			buildRules = (
			);
			dependencies = (
			);
			name = "Lunch Money";
			productName = "Lunch Money";
			productReference = C94E2C80259B5E550014A338 /* Lunch Money.app */;
			productType = "com.apple.product-type.application";
		};
		C94E2C95259B5E5E0014A338 /* Lunch MoneyTests */ = {
			isa = PBXNativeTarget;
			buildConfigurationList = C94E2CAD259B5E5F0014A338 /* Build configuration list for PBXNativeTarget "Lunch MoneyTests" */;
			buildPhases = (
				C94E2C92259B5E5E0014A338 /* Sources */,
				C94E2C93259B5E5E0014A338 /* Frameworks */,
				C94E2C94259B5E5E0014A338 /* Resources */,
			);
			buildRules = (
			);
			dependencies = (
				C94E2C98259B5E5E0014A338 /* PBXTargetDependency */,
			);
			name = "Lunch MoneyTests";
			productName = "Lunch MoneyTests";
			productReference = C94E2C96259B5E5E0014A338 /* Lunch MoneyTests.xctest */;
			productType = "com.apple.product-type.bundle.unit-test";
		};
		C94E2CA0259B5E5F0014A338 /* Lunch MoneyUITests */ = {
			isa = PBXNativeTarget;
			buildConfigurationList = C94E2CB0259B5E5F0014A338 /* Build configuration list for PBXNativeTarget "Lunch MoneyUITests" */;
			buildPhases = (
				C94E2C9D259B5E5F0014A338 /* Sources */,
				C94E2C9E259B5E5F0014A338 /* Frameworks */,
				C94E2C9F259B5E5F0014A338 /* Resources */,
			);
			buildRules = (
			);
			dependencies = (
				C94E2CA3259B5E5F0014A338 /* PBXTargetDependency */,
			);
			name = "Lunch MoneyUITests";
			productName = "Lunch MoneyUITests";
			productReference = C94E2CA1259B5E5F0014A338 /* Lunch MoneyUITests.xctest */;
			productType = "com.apple.product-type.bundle.ui-testing";
		};
/* End PBXNativeTarget section */

/* Begin PBXProject section */
		C94E2C78259B5E550014A338 /* Project object */ = {
			isa = PBXProject;
			attributes = {
				LastSwiftUpdateCheck = 1220;
				LastUpgradeCheck = 1220;
				TargetAttributes = {
					C94E2C7F259B5E550014A338 = {
						CreatedOnToolsVersion = 12.2;
					};
					C94E2C95259B5E5E0014A338 = {
						CreatedOnToolsVersion = 12.2;
						TestTargetID = C94E2C7F259B5E550014A338;
					};
					C94E2CA0259B5E5F0014A338 = {
						CreatedOnToolsVersion = 12.2;
						TestTargetID = C94E2C7F259B5E550014A338;
					};
				};
			};
			buildConfigurationList = C94E2C7B259B5E550014A338 /* Build configuration list for PBXProject "Lunch Money" */;
			compatibilityVersion = "Xcode 9.3";
			developmentRegion = en;
			hasScannedForEncodings = 0;
			knownRegions = (
				en,
				Base,
			);
			mainGroup = C94E2C77259B5E550014A338;
			productRefGroup = C94E2C81259B5E550014A338 /* Products */;
			projectDirPath = "";
			projectRoot = "";
			targets = (
				C94E2C7F259B5E550014A338 /* Lunch Money */,
				C94E2C95259B5E5E0014A338 /* Lunch MoneyTests */,
				C94E2CA0259B5E5F0014A338 /* Lunch MoneyUITests */,
			);
		};
/* End PBXProject section */

/* Begin PBXResourcesBuildPhase section */
		C94E2C7E259B5E550014A338 /* Resources */ = {
			isa = PBXResourcesBuildPhase;
			buildActionMask = 2147483647;
			files = (
				C94E2C90259B5E5E0014A338 /* LaunchScreen.storyboard in Resources */,
				C94E2C8D259B5E5E0014A338 /* Assets.xcassets in Resources */,
				C94E2C8B259B5E550014A338 /* Main.storyboard in Resources */,
			);
			runOnlyForDeploymentPostprocessing = 0;
		};
		C94E2C94259B5E5E0014A338 /* Resources */ = {
			isa = PBXResourcesBuildPhase;
			buildActionMask = 2147483647;
			files = (
			);
			runOnlyForDeploymentPostprocessing = 0;
		};
		C94E2C9F259B5E5F0014A338 /* Resources */ = {
			isa = PBXResourcesBuildPhase;
			buildActionMask = 2147483647;
			files = (
			);
			runOnlyForDeploymentPostprocessing = 0;
		};
/* End PBXResourcesBuildPhase section */

/* Begin PBXSourcesBuildPhase section */
		C94E2C7C259B5E550014A338 /* Sources */ = {
			isa = PBXSourcesBuildPhase;
			buildActionMask = 2147483647;
			files = (
				C94E2C88259B5E550014A338 /* ViewController.swift in Sources */,
				C94E2C84259B5E550014A338 /* AppDelegate.swift in Sources */,
				C94E2C86259B5E550014A338 /* SceneDelegate.swift in Sources */,
			);
			runOnlyForDeploymentPostprocessing = 0;
		};
		C94E2C92259B5E5E0014A338 /* Sources */ = {
			isa = PBXSourcesBuildPhase;
			buildActionMask = 2147483647;
			files = (
				C94E2C9B259B5E5E0014A338 /* Lunch_MoneyTests.swift in Sources */,
			);
			runOnlyForDeploymentPostprocessing = 0;
		};
		C94E2C9D259B5E5F0014A338 /* Sources */ = {
			isa = PBXSourcesBuildPhase;
			buildActionMask = 2147483647;
			files = (
				C94E2CA6259B5E5F0014A338 /* Lunch_MoneyUITests.swift in Sources */,
			);
			runOnlyForDeploymentPostprocessing = 0;
		};
/* End PBXSourcesBuildPhase section */

/* Begin PBXTargetDependency section */
		C94E2C98259B5E5E0014A338 /* PBXTargetDependency */ = {
			isa = PBXTargetDependency;
			target = C94E2C7F259B5E550014A338 /* Lunch Money */;
			targetProxy = C94E2C97259B5E5E0014A338 /* PBXContainerItemProxy */;
		};
		C94E2CA3259B5E5F0014A338 /* PBXTargetDependency */ = {
			isa = PBXTargetDependency;
			target = C94E2C7F259B5E550014A338 /* Lunch Money */;
			targetProxy = C94E2CA2259B5E5F0014A338 /* PBXContainerItemProxy */;
		};
/* End PBXTargetDependency section */

/* Begin PBXVariantGroup section */
		C94E2C89259B5E550014A338 /* Main.storyboard */ = {
			isa = PBXVariantGroup;
			children = (
				C94E2C8A259B5E550014A338 /* Base */,
			);
			name = Main.storyboard;
			sourceTree = "<group>";
		};
		C94E2C8E259B5E5E0014A338 /* LaunchScreen.storyboard */ = {
			isa = PBXVariantGroup;
			children = (
				C94E2C8F259B5E5E0014A338 /* Base */,
			);
			name = LaunchScreen.storyboard;
			sourceTree = "<group>";
		};
/* End PBXVariantGroup section */

/* Begin XCBuildConfiguration section */
		C94E2CA8259B5E5F0014A338 /* Debug */ = {
			isa = XCBuildConfiguration;
			buildSettings = {
				ALWAYS_SEARCH_USER_PATHS = NO;
				CLANG_ANALYZER_NONNULL = YES;
				CLANG_ANALYZER_NUMBER_OBJECT_CONVERSION = YES_AGGRESSIVE;
				CLANG_CXX_LANGUAGE_STANDARD = "gnu++14";
				CLANG_CXX_LIBRARY = "libc++";
				CLANG_ENABLE_MODULES = YES;
				CLANG_ENABLE_OBJC_ARC = YES;
				CLANG_ENABLE_OBJC_WEAK = YES;
				CLANG_WARN_BLOCK_CAPTURE_AUTORELEASING = YES;
				CLANG_WARN_BOOL_CONVERSION = YES;
				CLANG_WARN_COMMA = YES;
				CLANG_WARN_CONSTANT_CONVERSION = YES;
				CLANG_WARN_DEPRECATED_OBJC_IMPLEMENTATIONS = YES;
				CLANG_WARN_DIRECT_OBJC_ISA_USAGE = YES_ERROR;
				CLANG_WARN_DOCUMENTATION_COMMENTS = YES;
				CLANG_WARN_EMPTY_BODY = YES;
				CLANG_WARN_ENUM_CONVERSION = YES;
				CLANG_WARN_INFINITE_RECURSION = YES;
				CLANG_WARN_INT_CONVERSION = YES;
				CLANG_WARN_NON_LITERAL_NULL_CONVERSION = YES;
				CLANG_WARN_OBJC_IMPLICIT_RETAIN_SELF = YES;
				CLANG_WARN_OBJC_LITERAL_CONVERSION = YES;
				CLANG_WARN_OBJC_ROOT_CLASS = YES_ERROR;
				CLANG_WARN_QUOTED_INCLUDE_IN_FRAMEWORK_HEADER = YES;
				CLANG_WARN_RANGE_LOOP_ANALYSIS = YES;
				CLANG_WARN_STRICT_PROTOTYPES = YES;
				CLANG_WARN_SUSPICIOUS_MOVE = YES;
				CLANG_WARN_UNGUARDED_AVAILABILITY = YES_AGGRESSIVE;
				CLANG_WARN_UNREACHABLE_CODE = YES;
				CLANG_WARN__DUPLICATE_METHOD_MATCH = YES;
				COPY_PHASE_STRIP = NO;
				DEBUG_INFORMATION_FORMAT = dwarf;
				ENABLE_STRICT_OBJC_MSGSEND = YES;
				ENABLE_TESTABILITY = YES;
				GCC_C_LANGUAGE_STANDARD = gnu11;
				GCC_DYNAMIC_NO_PIC = NO;
				GCC_NO_COMMON_BLOCKS = YES;
				GCC_OPTIMIZATION_LEVEL = 0;
				GCC_PREPROCESSOR_DEFINITIONS = (
					"DEBUG=1",
					"$(inherited)",
				);
				GCC_WARN_64_TO_32_BIT_CONVERSION = YES;
				GCC_WARN_ABOUT_RETURN_TYPE = YES_ERROR;
				GCC_WARN_UNDECLARED_SELECTOR = YES;
				GCC_WARN_UNINITIALIZED_AUTOS = YES_AGGRESSIVE;
				GCC_WARN_UNUSED_FUNCTION = YES;
				GCC_WARN_UNUSED_VARIABLE = YES;
				IPHONEOS_DEPLOYMENT_TARGET = 14.2;
				MTL_ENABLE_DEBUG_INFO = INCLUDE_SOURCE;
				MTL_FAST_MATH = YES;
				ONLY_ACTIVE_ARCH = YES;
				SDKROOT = iphoneos;
				SWIFT_ACTIVE_COMPILATION_CONDITIONS = DEBUG;
				SWIFT_OPTIMIZATION_LEVEL = "-Onone";
			};
			name = Debug;
		};
		C94E2CA9259B5E5F0014A338 /* Release */ = {
			isa = XCBuildConfiguration;
			buildSettings = {
				ALWAYS_SEARCH_USER_PATHS = NO;
				CLANG_ANALYZER_NONNULL = YES;
				CLANG_ANALYZER_NUMBER_OBJECT_CONVERSION = YES_AGGRESSIVE;
				CLANG_CXX_LANGUAGE_STANDARD = "gnu++14";
				CLANG_CXX_LIBRARY = "libc++";
				CLANG_ENABLE_MODULES = YES;
				CLANG_ENABLE_OBJC_ARC = YES;
				CLANG_ENABLE_OBJC_WEAK = YES;
				CLANG_WARN_BLOCK_CAPTURE_AUTORELEASING = YES;
				CLANG_WARN_BOOL_CONVERSION = YES;
				CLANG_WARN_COMMA = YES;
				CLANG_WARN_CONSTANT_CONVERSION = YES;
				CLANG_WARN_DEPRECATED_OBJC_IMPLEMENTATIONS = YES;
				CLANG_WARN_DIRECT_OBJC_ISA_USAGE = YES_ERROR;
				CLANG_WARN_DOCUMENTATION_COMMENTS = YES;
				CLANG_WARN_EMPTY_BODY = YES;
				CLANG_WARN_ENUM_CONVERSION = YES;
				CLANG_WARN_INFINITE_RECURSION = YES;
				CLANG_WARN_INT_CONVERSION = YES;
				CLANG_WARN_NON_LITERAL_NULL_CONVERSION = YES;
				CLANG_WARN_OBJC_IMPLICIT_RETAIN_SELF = YES;
				CLANG_WARN_OBJC_LITERAL_CONVERSION = YES;
				CLANG_WARN_OBJC_ROOT_CLASS = YES_ERROR;
				CLANG_WARN_QUOTED_INCLUDE_IN_FRAMEWORK_HEADER = YES;
				CLANG_WARN_RANGE_LOOP_ANALYSIS = YES;
				CLANG_WARN_STRICT_PROTOTYPES = YES;
				CLANG_WARN_SUSPICIOUS_MOVE = YES;
				CLANG_WARN_UNGUARDED_AVAILABILITY = YES_AGGRESSIVE;
				CLANG_WARN_UNREACHABLE_CODE = YES;
				CLANG_WARN__DUPLICATE_METHOD_MATCH = YES;
				COPY_PHASE_STRIP = NO;
				DEBUG_INFORMATION_FORMAT = "dwarf-with-dsym";
				ENABLE_NS_ASSERTIONS = NO;
				ENABLE_STRICT_OBJC_MSGSEND = YES;
				GCC_C_LANGUAGE_STANDARD = gnu11;
				GCC_NO_COMMON_BLOCKS = YES;
				GCC_WARN_64_TO_32_BIT_CONVERSION = YES;
				GCC_WARN_ABOUT_RETURN_TYPE = YES_ERROR;
				GCC_WARN_UNDECLARED_SELECTOR = YES;
				GCC_WARN_UNINITIALIZED_AUTOS = YES_AGGRESSIVE;
				GCC_WARN_UNUSED_FUNCTION = YES;
				GCC_WARN_UNUSED_VARIABLE = YES;
				IPHONEOS_DEPLOYMENT_TARGET = 14.2;
				MTL_ENABLE_DEBUG_INFO = NO;
				MTL_FAST_MATH = YES;
				SDKROOT = iphoneos;
				SWIFT_COMPILATION_MODE = wholemodule;
				SWIFT_OPTIMIZATION_LEVEL = "-O";
				VALIDATE_PRODUCT = YES;
			};
			name = Release;
		};
		C94E2CAB259B5E5F0014A338 /* Debug */ = {
			isa = XCBuildConfiguration;
			buildSettings = {
				ASSETCATALOG_COMPILER_APPICON_NAME = AppIcon;
				ASSETCATALOG_COMPILER_GLOBAL_ACCENT_COLOR_NAME = AccentColor;
				CODE_SIGN_STYLE = Automatic;
				DEVELOPMENT_TEAM = S974BD6NL5;
				INFOPLIST_FILE = "Lunch Money/Info.plist";
				LD_RUNPATH_SEARCH_PATHS = (
					"$(inherited)",
					"@executable_path/Frameworks",
				);
				PRODUCT_BUNDLE_IDENTIFIER = "com.mallimo.Lunch-Money";
				PRODUCT_NAME = "$(TARGET_NAME)";
				SWIFT_VERSION = 5.0;
				TARGETED_DEVICE_FAMILY = "1,2";
			};
			name = Debug;
		};
		C94E2CAC259B5E5F0014A338 /* Release */ = {
			isa = XCBuildConfiguration;
			buildSettings = {
				ASSETCATALOG_COMPILER_APPICON_NAME = AppIcon;
				ASSETCATALOG_COMPILER_GLOBAL_ACCENT_COLOR_NAME = AccentColor;
				CODE_SIGN_STYLE = Automatic;
				DEVELOPMENT_TEAM = S974BD6NL5;
				INFOPLIST_FILE = "Lunch Money/Info.plist";
				LD_RUNPATH_SEARCH_PATHS = (
					"$(inherited)",
					"@executable_path/Frameworks",
				);
				PRODUCT_BUNDLE_IDENTIFIER = "com.mallimo.Lunch-Money";
				PRODUCT_NAME = "$(TARGET_NAME)";
				SWIFT_VERSION = 5.0;
				TARGETED_DEVICE_FAMILY = "1,2";
			};
			name = Release;
		};
		C94E2CAE259B5E5F0014A338 /* Debug */ = {
			isa = XCBuildConfiguration;
			buildSettings = {
				ALWAYS_EMBED_SWIFT_STANDARD_LIBRARIES = YES;
				BUNDLE_LOADER = "$(TEST_HOST)";
				CODE_SIGN_STYLE = Automatic;
				DEVELOPMENT_TEAM = S974BD6NL5;
				INFOPLIST_FILE = "Lunch MoneyTests/Info.plist";
				IPHONEOS_DEPLOYMENT_TARGET = 14.2;
				LD_RUNPATH_SEARCH_PATHS = (
					"$(inherited)",
					"@executable_path/Frameworks",
					"@loader_path/Frameworks",
				);
				PRODUCT_BUNDLE_IDENTIFIER = "com.mallimo.Lunch-MoneyTests";
				PRODUCT_NAME = "$(TARGET_NAME)";
				SWIFT_VERSION = 5.0;
				TARGETED_DEVICE_FAMILY = "1,2";
				TEST_HOST = "$(BUILT_PRODUCTS_DIR)/Lunch Money.app/Lunch Money";
			};
			name = Debug;
		};
		C94E2CAF259B5E5F0014A338 /* Release */ = {
			isa = XCBuildConfiguration;
			buildSettings = {
				ALWAYS_EMBED_SWIFT_STANDARD_LIBRARIES = YES;
				BUNDLE_LOADER = "$(TEST_HOST)";
				CODE_SIGN_STYLE = Automatic;
				DEVELOPMENT_TEAM = S974BD6NL5;
				INFOPLIST_FILE = "Lunch MoneyTests/Info.plist";
				IPHONEOS_DEPLOYMENT_TARGET = 14.2;
				LD_RUNPATH_SEARCH_PATHS = (
					"$(inherited)",
					"@executable_path/Frameworks",
					"@loader_path/Frameworks",
				);
				PRODUCT_BUNDLE_IDENTIFIER = "com.mallimo.Lunch-MoneyTests";
				PRODUCT_NAME = "$(TARGET_NAME)";
				SWIFT_VERSION = 5.0;
				TARGETED_DEVICE_FAMILY = "1,2";
				TEST_HOST = "$(BUILT_PRODUCTS_DIR)/Lunch Money.app/Lunch Money";
			};
			name = Release;
		};
		C94E2CB1259B5E5F0014A338 /* Debug */ = {
			isa = XCBuildConfiguration;
			buildSettings = {
				ALWAYS_EMBED_SWIFT_STANDARD_LIBRARIES = YES;
				CODE_SIGN_STYLE = Automatic;
				DEVELOPMENT_TEAM = S974BD6NL5;
				INFOPLIST_FILE = "Lunch MoneyUITests/Info.plist";
				LD_RUNPATH_SEARCH_PATHS = (
					"$(inherited)",
					"@executable_path/Frameworks",
					"@loader_path/Frameworks",
				);
				PRODUCT_BUNDLE_IDENTIFIER = "com.mallimo.Lunch-MoneyUITests";
				PRODUCT_NAME = "$(TARGET_NAME)";
				SWIFT_VERSION = 5.0;
				TARGETED_DEVICE_FAMILY = "1,2";
				TEST_TARGET_NAME = "Lunch Money";
			};
			name = Debug;
		};
		C94E2CB2259B5E5F0014A338 /* Release */ = {
			isa = XCBuildConfiguration;
			buildSettings = {
				ALWAYS_EMBED_SWIFT_STANDARD_LIBRARIES = YES;
				CODE_SIGN_STYLE = Automatic;
				DEVELOPMENT_TEAM = S974BD6NL5;
				INFOPLIST_FILE = "Lunch MoneyUITests/Info.plist";
				LD_RUNPATH_SEARCH_PATHS = (
					"$(inherited)",
					"@executable_path/Frameworks",
					"@loader_path/Frameworks",
				);
				PRODUCT_BUNDLE_IDENTIFIER = "com.mallimo.Lunch-MoneyUITests";
				PRODUCT_NAME = "$(TARGET_NAME)";
				SWIFT_VERSION = 5.0;
				TARGETED_DEVICE_FAMILY = "1,2";
				TEST_TARGET_NAME = "Lunch Money";
			};
			name = Release;
		};
/* End XCBuildConfiguration section */

/* Begin XCConfigurationList section */
		C94E2C7B259B5E550014A338 /* Build configuration list for PBXProject "Lunch Money" */ = {
			isa = XCConfigurationList;
			buildConfigurations = (
				C94E2CA8259B5E5F0014A338 /* Debug */,
				C94E2CA9259B5E5F0014A338 /* Release */,
			);
			defaultConfigurationIsVisible = 0;
			defaultConfigurationName = Release;
		};
		C94E2CAA259B5E5F0014A338 /* Build configuration list for PBXNativeTarget "Lunch Money" */ = {
			isa = XCConfigurationList;
			buildConfigurations = (
				C94E2CAB259B5E5F0014A338 /* Debug */,
				C94E2CAC259B5E5F0014A338 /* Release */,
			);
			defaultConfigurationIsVisible = 0;
			defaultConfigurationName = Release;
		};
		C94E2CAD259B5E5F0014A338 /* Build configuration list for PBXNativeTarget "Lunch MoneyTests" */ = {
			isa = XCConfigurationList;
			buildConfigurations = (
				C94E2CAE259B5E5F0014A338 /* Debug */,
				C94E2CAF259B5E5F0014A338 /* Release */,
			);
			defaultConfigurationIsVisible = 0;
			defaultConfigurationName = Release;
		};
		C94E2CB0259B5E5F0014A338 /* Build configuration list for PBXNativeTarget "Lunch MoneyUITests" */ = {
			isa = XCConfigurationList;
			buildConfigurations = (
				C94E2CB1259B5E5F0014A338 /* Debug */,
				C94E2CB2259B5E5F0014A338 /* Release */,
			);
			defaultConfigurationIsVisible = 0;
			defaultConfigurationName = Release;
		};
/* End XCConfigurationList section */
	};
	rootObject = C94E2C78259B5E550014A338 /* Project object */;
}
