// !$*UTF8*$!
{
	archiveVersion = 1;
	classes = {
	};
	objectVersion = 51;
	objects = {

/* Begin PBXBuildFile section */
		A234F8259F7BA9FA273FEB53 /* Pods_Lunch_Money.framework in Frameworks */ = {isa = PBXBuildFile; fileRef = 586F53AE7EE3D81F0E61C911 /* Pods_Lunch_Money.framework */; };
		B44AC128B41FC7996588EF9D /* Pods_Lunch_MoneyTests.framework in Frameworks */ = {isa = PBXBuildFile; fileRef = C04526BE595C5BC654F65CD5 /* Pods_Lunch_MoneyTests.framework */; };
		C907C77625A15C1500A74E96 /* TransactionsViewController.swift in Sources */ = {isa = PBXBuildFile; fileRef = C907C77525A15C1500A74E96 /* TransactionsViewController.swift */; };
		C907C77B25A15C3D00A74E96 /* TransactionsFilterViewController.swift in Sources */ = {isa = PBXBuildFile; fileRef = C907C77A25A15C3D00A74E96 /* TransactionsFilterViewController.swift */; };
		C907C78025A2915A00A74E96 /* constants.swift in Sources */ = {isa = PBXBuildFile; fileRef = C907C77F25A2915A00A74E96 /* constants.swift */; };
		C907C78525A2982E00A74E96 /* Utils.swift in Sources */ = {isa = PBXBuildFile; fileRef = C907C78425A2982E00A74E96 /* Utils.swift */; };
		C907C79125AAAACB00A74E96 /* CategoryListModel.swift in Sources */ = {isa = PBXBuildFile; fileRef = C907C79025AAAACB00A74E96 /* CategoryListModel.swift */; };
		C907C79925AB470200A74E96 /* TransactionsModel.swift in Sources */ = {isa = PBXBuildFile; fileRef = C907C79825AB470200A74E96 /* TransactionsModel.swift */; };
		C944A7245514406F6E5F8577 /* Pods_Lunch_Money_Lunch_MoneyUITests.framework in Frameworks */ = {isa = PBXBuildFile; fileRef = C47C9A450496CA67C76C5D7F /* Pods_Lunch_Money_Lunch_MoneyUITests.framework */; };
		C94E2C84259B5E550014A338 /* AppDelegate.swift in Sources */ = {isa = PBXBuildFile; fileRef = C94E2C83259B5E550014A338 /* AppDelegate.swift */; };
		C94E2C86259B5E550014A338 /* SceneDelegate.swift in Sources */ = {isa = PBXBuildFile; fileRef = C94E2C85259B5E550014A338 /* SceneDelegate.swift */; };
		C94E2C88259B5E550014A338 /* ViewController.swift in Sources */ = {isa = PBXBuildFile; fileRef = C94E2C87259B5E550014A338 /* ViewController.swift */; };
		C94E2C8B259B5E550014A338 /* Main.storyboard in Resources */ = {isa = PBXBuildFile; fileRef = C94E2C89259B5E550014A338 /* Main.storyboard */; };
		C94E2C8D259B5E5E0014A338 /* Assets.xcassets in Resources */ = {isa = PBXBuildFile; fileRef = C94E2C8C259B5E5E0014A338 /* Assets.xcassets */; };
		C94E2C90259B5E5E0014A338 /* LaunchScreen.storyboard in Resources */ = {isa = PBXBuildFile; fileRef = C94E2C8E259B5E5E0014A338 /* LaunchScreen.storyboard */; };
		C94E2C9B259B5E5E0014A338 /* Lunch_MoneyTests.swift in Sources */ = {isa = PBXBuildFile; fileRef = C94E2C9A259B5E5E0014A338 /* Lunch_MoneyTests.swift */; };
		C94E2CA6259B5E5F0014A338 /* Lunch_MoneyUITests.swift in Sources */ = {isa = PBXBuildFile; fileRef = C94E2CA5259B5E5F0014A338 /* Lunch_MoneyUITests.swift */; };
		C94E2CBD259B62BA0014A338 /* CategoriesData.swift in Sources */ = {isa = PBXBuildFile; fileRef = C94E2CBC259B62BA0014A338 /* CategoriesData.swift */; };
		C94E2CC5259BE1750014A338 /* CategoriesManager.swift in Sources */ = {isa = PBXBuildFile; fileRef = C94E2CC4259BE1750014A338 /* CategoriesManager.swift */; };
		C94E2CD5259CC0540014A338 /* TransactionsData.swift in Sources */ = {isa = PBXBuildFile; fileRef = C94E2CD4259CC0540014A338 /* TransactionsData.swift */; };
		C94E2CDA259CC07A0014A338 /* TransactionsManager.swift in Sources */ = {isa = PBXBuildFile; fileRef = C94E2CD9259CC07A0014A338 /* TransactionsManager.swift */; };
		C979426B259F86C7002CF015 /* HomeViewController.swift in Sources */ = {isa = PBXBuildFile; fileRef = C979426A259F86C7002CF015 /* HomeViewController.swift */; };
		C991880425FDCA3D003A45F0 /* ExpensesVsIncome.swift in Sources */ = {isa = PBXBuildFile; fileRef = C991880325FDCA3D003A45F0 /* ExpensesVsIncome.swift */; };
		C991880C25FDCA4D003A45F0 /* ExpensesVsIncome.xib in Resources */ = {isa = PBXBuildFile; fileRef = C991880B25FDCA4D003A45F0 /* ExpensesVsIncome.xib */; };
		C9B2754C259F994C00C841D6 /* RecentTransactionsCell.swift in Sources */ = {isa = PBXBuildFile; fileRef = C9B2754A259F994C00C841D6 /* RecentTransactionsCell.swift */; };
		C9B2754D259F994C00C841D6 /* RecentTransactionsCell.xib in Resources */ = {isa = PBXBuildFile; fileRef = C9B2754B259F994C00C841D6 /* RecentTransactionsCell.xib */; };
		C9C5806B259D79F80046B24C /* AccountsData.swift in Sources */ = {isa = PBXBuildFile; fileRef = C9C5806A259D79F80046B24C /* AccountsData.swift */; };
		C9C58070259D7C290046B24C /* AccountsManager.swift in Sources */ = {isa = PBXBuildFile; fileRef = C9C5806F259D7C290046B24C /* AccountsManager.swift */; };
		C9C5809B259E73A80046B24C /* AccountsOverviewTableViewCell.swift in Sources */ = {isa = PBXBuildFile; fileRef = C9C58099259E73A80046B24C /* AccountsOverviewTableViewCell.swift */; };
		C9C5809C259E73A80046B24C /* AccountsOverviewTableViewCell.xib in Resources */ = {isa = PBXBuildFile; fileRef = C9C5809A259E73A80046B24C /* AccountsOverviewTableViewCell.xib */; };
/* End PBXBuildFile section */

/* Begin PBXContainerItemProxy section */
		C94E2C97259B5E5E0014A338 /* PBXContainerItemProxy */ = {
			isa = PBXContainerItemProxy;
			containerPortal = C94E2C78259B5E550014A338 /* Project object */;
			proxyType = 1;
			remoteGlobalIDString = C94E2C7F259B5E550014A338;
			remoteInfo = "Lunch Money";
		};
		C94E2CA2259B5E5F0014A338 /* PBXContainerItemProxy */ = {
			isa = PBXContainerItemProxy;
			containerPortal = C94E2C78259B5E550014A338 /* Project object */;
			proxyType = 1;
			remoteGlobalIDString = C94E2C7F259B5E550014A338;
			remoteInfo = "Lunch Money";
		};
/* End PBXContainerItemProxy section */

/* Begin PBXFileReference section */
		1C657D2C2BF9787B3E3E1C1D /* Pods-Lunch MoneyTests.release.xcconfig */ = {isa = PBXFileReference; includeInIndex = 1; lastKnownFileType = text.xcconfig; name = "Pods-Lunch MoneyTests.release.xcconfig"; path = "Target Support Files/Pods-Lunch MoneyTests/Pods-Lunch MoneyTests.release.xcconfig"; sourceTree = "<group>"; };
		5332A5CDF9D11571BCB5085E /* Pods-Lunch Money.debug.xcconfig */ = {isa = PBXFileReference; includeInIndex = 1; lastKnownFileType = text.xcconfig; name = "Pods-Lunch Money.debug.xcconfig"; path = "Target Support Files/Pods-Lunch Money/Pods-Lunch Money.debug.xcconfig"; sourceTree = "<group>"; };
		586F53AE7EE3D81F0E61C911 /* Pods_Lunch_Money.framework */ = {isa = PBXFileReference; explicitFileType = wrapper.framework; includeInIndex = 0; path = Pods_Lunch_Money.framework; sourceTree = BUILT_PRODUCTS_DIR; };
		5F24ADB2522E5A90CC035148 /* Pods-Lunch Money-Lunch MoneyUITests.debug.xcconfig */ = {isa = PBXFileReference; includeInIndex = 1; lastKnownFileType = text.xcconfig; name = "Pods-Lunch Money-Lunch MoneyUITests.debug.xcconfig"; path = "Target Support Files/Pods-Lunch Money-Lunch MoneyUITests/Pods-Lunch Money-Lunch MoneyUITests.debug.xcconfig"; sourceTree = "<group>"; };
		6F25C73E10DCD7A392CFC71A /* Pods-Lunch Money.release.xcconfig */ = {isa = PBXFileReference; includeInIndex = 1; lastKnownFileType = text.xcconfig; name = "Pods-Lunch Money.release.xcconfig"; path = "Target Support Files/Pods-Lunch Money/Pods-Lunch Money.release.xcconfig"; sourceTree = "<group>"; };
		7B281F6FC08B331564093B28 /* Pods-Lunch Money-Lunch MoneyUITests.release.xcconfig */ = {isa = PBXFileReference; includeInIndex = 1; lastKnownFileType = text.xcconfig; name = "Pods-Lunch Money-Lunch MoneyUITests.release.xcconfig"; path = "Target Support Files/Pods-Lunch Money-Lunch MoneyUITests/Pods-Lunch Money-Lunch MoneyUITests.release.xcconfig"; sourceTree = "<group>"; };
		A1698A7312E42BE5CD4A316A /* Pods-Lunch MoneyTests.debug.xcconfig */ = {isa = PBXFileReference; includeInIndex = 1; lastKnownFileType = text.xcconfig; name = "Pods-Lunch MoneyTests.debug.xcconfig"; path = "Target Support Files/Pods-Lunch MoneyTests/Pods-Lunch MoneyTests.debug.xcconfig"; sourceTree = "<group>"; };
		C04526BE595C5BC654F65CD5 /* Pods_Lunch_MoneyTests.framework */ = {isa = PBXFileReference; explicitFileType = wrapper.framework; includeInIndex = 0; path = Pods_Lunch_MoneyTests.framework; sourceTree = BUILT_PRODUCTS_DIR; };
		C47C9A450496CA67C76C5D7F /* Pods_Lunch_Money_Lunch_MoneyUITests.framework */ = {isa = PBXFileReference; explicitFileType = wrapper.framework; includeInIndex = 0; path = Pods_Lunch_Money_Lunch_MoneyUITests.framework; sourceTree = BUILT_PRODUCTS_DIR; };
		C907C77525A15C1500A74E96 /* TransactionsViewController.swift */ = {isa = PBXFileReference; lastKnownFileType = sourcecode.swift; path = TransactionsViewController.swift; sourceTree = "<group>"; };
		C907C77A25A15C3D00A74E96 /* TransactionsFilterViewController.swift */ = {isa = PBXFileReference; lastKnownFileType = sourcecode.swift; path = TransactionsFilterViewController.swift; sourceTree = "<group>"; };
		C907C77F25A2915A00A74E96 /* constants.swift */ = {isa = PBXFileReference; lastKnownFileType = sourcecode.swift; path = constants.swift; sourceTree = "<group>"; };
		C907C78425A2982E00A74E96 /* Utils.swift */ = {isa = PBXFileReference; lastKnownFileType = sourcecode.swift; path = Utils.swift; sourceTree = "<group>"; };
		C907C79025AAAACB00A74E96 /* CategoryListModel.swift */ = {isa = PBXFileReference; lastKnownFileType = sourcecode.swift; path = CategoryListModel.swift; sourceTree = "<group>"; };
		C907C79825AB470200A74E96 /* TransactionsModel.swift */ = {isa = PBXFileReference; lastKnownFileType = sourcecode.swift; path = TransactionsModel.swift; sourceTree = "<group>"; };
		C94E2C80259B5E550014A338 /* Lunch Money.app */ = {isa = PBXFileReference; explicitFileType = wrapper.application; includeInIndex = 0; path = "Lunch Money.app"; sourceTree = BUILT_PRODUCTS_DIR; };
		C94E2C83259B5E550014A338 /* AppDelegate.swift */ = {isa = PBXFileReference; lastKnownFileType = sourcecode.swift; path = AppDelegate.swift; sourceTree = "<group>"; };
		C94E2C85259B5E550014A338 /* SceneDelegate.swift */ = {isa = PBXFileReference; lastKnownFileType = sourcecode.swift; path = SceneDelegate.swift; sourceTree = "<group>"; };
		C94E2C87259B5E550014A338 /* ViewController.swift */ = {isa = PBXFileReference; lastKnownFileType = sourcecode.swift; path = ViewController.swift; sourceTree = "<group>"; };
		C94E2C8A259B5E550014A338 /* Base */ = {isa = PBXFileReference; lastKnownFileType = file.storyboard; name = Base; path = Base.lproj/Main.storyboard; sourceTree = "<group>"; };
		C94E2C8C259B5E5E0014A338 /* Assets.xcassets */ = {isa = PBXFileReference; lastKnownFileType = folder.assetcatalog; path = Assets.xcassets; sourceTree = "<group>"; };
		C94E2C8F259B5E5E0014A338 /* Base */ = {isa = PBXFileReference; lastKnownFileType = file.storyboard; name = Base; path = Base.lproj/LaunchScreen.storyboard; sourceTree = "<group>"; };
		C94E2C91259B5E5E0014A338 /* Info.plist */ = {isa = PBXFileReference; lastKnownFileType = text.plist.xml; path = Info.plist; sourceTree = "<group>"; };
		C94E2C96259B5E5E0014A338 /* Lunch MoneyTests.xctest */ = {isa = PBXFileReference; explicitFileType = wrapper.cfbundle; includeInIndex = 0; path = "Lunch MoneyTests.xctest"; sourceTree = BUILT_PRODUCTS_DIR; };
		C94E2C9A259B5E5E0014A338 /* Lunch_MoneyTests.swift */ = {isa = PBXFileReference; lastKnownFileType = sourcecode.swift; path = Lunch_MoneyTests.swift; sourceTree = "<group>"; };
		C94E2C9C259B5E5E0014A338 /* Info.plist */ = {isa = PBXFileReference; lastKnownFileType = text.plist.xml; path = Info.plist; sourceTree = "<group>"; };
		C94E2CA1259B5E5F0014A338 /* Lunch MoneyUITests.xctest */ = {isa = PBXFileReference; explicitFileType = wrapper.cfbundle; includeInIndex = 0; path = "Lunch MoneyUITests.xctest"; sourceTree = BUILT_PRODUCTS_DIR; };
		C94E2CA5259B5E5F0014A338 /* Lunch_MoneyUITests.swift */ = {isa = PBXFileReference; lastKnownFileType = sourcecode.swift; path = Lunch_MoneyUITests.swift; sourceTree = "<group>"; };
		C94E2CA7259B5E5F0014A338 /* Info.plist */ = {isa = PBXFileReference; lastKnownFileType = text.plist.xml; path = Info.plist; sourceTree = "<group>"; };
		C94E2CBC259B62BA0014A338 /* CategoriesData.swift */ = {isa = PBXFileReference; lastKnownFileType = sourcecode.swift; path = CategoriesData.swift; sourceTree = "<group>"; };
		C94E2CC4259BE1750014A338 /* CategoriesManager.swift */ = {isa = PBXFileReference; lastKnownFileType = sourcecode.swift; path = CategoriesManager.swift; sourceTree = "<group>"; };
		C94E2CD4259CC0540014A338 /* TransactionsData.swift */ = {isa = PBXFileReference; lastKnownFileType = sourcecode.swift; path = TransactionsData.swift; sourceTree = "<group>"; };
		C94E2CD9259CC07A0014A338 /* TransactionsManager.swift */ = {isa = PBXFileReference; lastKnownFileType = sourcecode.swift; path = TransactionsManager.swift; sourceTree = "<group>"; };
		C979426A259F86C7002CF015 /* HomeViewController.swift */ = {isa = PBXFileReference; lastKnownFileType = sourcecode.swift; path = HomeViewController.swift; sourceTree = "<group>"; };
		C991880325FDCA3D003A45F0 /* ExpensesVsIncome.swift */ = {isa = PBXFileReference; lastKnownFileType = sourcecode.swift; path = ExpensesVsIncome.swift; sourceTree = "<group>"; };
		C991880B25FDCA4D003A45F0 /* ExpensesVsIncome.xib */ = {isa = PBXFileReference; lastKnownFileType = file.xib; path = ExpensesVsIncome.xib; sourceTree = "<group>"; };
		C9B2754A259F994C00C841D6 /* RecentTransactionsCell.swift */ = {isa = PBXFileReference; lastKnownFileType = sourcecode.swift; path = RecentTransactionsCell.swift; sourceTree = "<group>"; };
		C9B2754B259F994C00C841D6 /* RecentTransactionsCell.xib */ = {isa = PBXFileReference; lastKnownFileType = file.xib; path = RecentTransactionsCell.xib; sourceTree = "<group>"; };
		C9C5806A259D79F80046B24C /* AccountsData.swift */ = {isa = PBXFileReference; lastKnownFileType = sourcecode.swift; path = AccountsData.swift; sourceTree = "<group>"; };
		C9C5806F259D7C290046B24C /* AccountsManager.swift */ = {isa = PBXFileReference; lastKnownFileType = sourcecode.swift; path = AccountsManager.swift; sourceTree = "<group>"; };
		C9C58099259E73A80046B24C /* AccountsOverviewTableViewCell.swift */ = {isa = PBXFileReference; lastKnownFileType = sourcecode.swift; path = AccountsOverviewTableViewCell.swift; sourceTree = "<group>"; };
		C9C5809A259E73A80046B24C /* AccountsOverviewTableViewCell.xib */ = {isa = PBXFileReference; lastKnownFileType = file.xib; path = AccountsOverviewTableViewCell.xib; sourceTree = "<group>"; };
/* End PBXFileReference section */

/* Begin PBXFrameworksBuildPhase section */
		C94E2C7D259B5E550014A338 /* Frameworks */ = {
			isa = PBXFrameworksBuildPhase;
			buildActionMask = 2147483647;
			files = (
				A234F8259F7BA9FA273FEB53 /* Pods_Lunch_Money.framework in Frameworks */,
			);
			runOnlyForDeploymentPostprocessing = 0;
		};
		C94E2C93259B5E5E0014A338 /* Frameworks */ = {
			isa = PBXFrameworksBuildPhase;
			buildActionMask = 2147483647;
			files = (
				B44AC128B41FC7996588EF9D /* Pods_Lunch_MoneyTests.framework in Frameworks */,
			);
			runOnlyForDeploymentPostprocessing = 0;
		};
		C94E2C9E259B5E5F0014A338 /* Frameworks */ = {
			isa = PBXFrameworksBuildPhase;
			buildActionMask = 2147483647;
			files = (
				C944A7245514406F6E5F8577 /* Pods_Lunch_Money_Lunch_MoneyUITests.framework in Frameworks */,
			);
			runOnlyForDeploymentPostprocessing = 0;
		};
/* End PBXFrameworksBuildPhase section */

/* Begin PBXGroup section */
		4108334C2B9A3EC92CE5224F /* Frameworks */ = {
			isa = PBXGroup;
			children = (
				586F53AE7EE3D81F0E61C911 /* Pods_Lunch_Money.framework */,
				C47C9A450496CA67C76C5D7F /* Pods_Lunch_Money_Lunch_MoneyUITests.framework */,
				C04526BE595C5BC654F65CD5 /* Pods_Lunch_MoneyTests.framework */,
			);
			name = Frameworks;
			sourceTree = "<group>";
		};
		61B016B1375D1896A2FA81FE /* Pods */ = {
			isa = PBXGroup;
			children = (
				5332A5CDF9D11571BCB5085E /* Pods-Lunch Money.debug.xcconfig */,
				6F25C73E10DCD7A392CFC71A /* Pods-Lunch Money.release.xcconfig */,
				5F24ADB2522E5A90CC035148 /* Pods-Lunch Money-Lunch MoneyUITests.debug.xcconfig */,
				7B281F6FC08B331564093B28 /* Pods-Lunch Money-Lunch MoneyUITests.release.xcconfig */,
				A1698A7312E42BE5CD4A316A /* Pods-Lunch MoneyTests.debug.xcconfig */,
				1C657D2C2BF9787B3E3E1C1D /* Pods-Lunch MoneyTests.release.xcconfig */,
			);
			path = Pods;
			sourceTree = "<group>";
		};
		C94E2C77259B5E550014A338 = {
			isa = PBXGroup;
			children = (
				C94E2C82259B5E550014A338 /* Lunch Money */,
				C94E2C99259B5E5E0014A338 /* Lunch MoneyTests */,
				C94E2CA4259B5E5F0014A338 /* Lunch MoneyUITests */,
				C94E2C81259B5E550014A338 /* Products */,
				61B016B1375D1896A2FA81FE /* Pods */,
				4108334C2B9A3EC92CE5224F /* Frameworks */,
			);
			sourceTree = "<group>";
		};
		C94E2C81259B5E550014A338 /* Products */ = {
			isa = PBXGroup;
			children = (
				C94E2C80259B5E550014A338 /* Lunch Money.app */,
				C94E2C96259B5E5E0014A338 /* Lunch MoneyTests.xctest */,
				C94E2CA1259B5E5F0014A338 /* Lunch MoneyUITests.xctest */,
			);
			name = Products;
			sourceTree = "<group>";
		};
		C94E2C82259B5E550014A338 /* Lunch Money */ = {
			isa = PBXGroup;
			children = (
				C94E2CB8259B5EC60014A338 /* Controller */,
				C94E2CB7259B5EC10014A338 /* View */,
				C94E2CB6259B5EB40014A338 /* Model */,
				C94E2C83259B5E550014A338 /* AppDelegate.swift */,
				C94E2C85259B5E550014A338 /* SceneDelegate.swift */,
				C94E2C87259B5E550014A338 /* ViewController.swift */,
				C94E2C89259B5E550014A338 /* Main.storyboard */,
				C94E2C8C259B5E5E0014A338 /* Assets.xcassets */,
				C94E2C8E259B5E5E0014A338 /* LaunchScreen.storyboard */,
				C94E2C91259B5E5E0014A338 /* Info.plist */,
				C907C77F25A2915A00A74E96 /* constants.swift */,
				C907C78425A2982E00A74E96 /* Utils.swift */,
			);
			path = "Lunch Money";
			sourceTree = "<group>";
		};
		C94E2C99259B5E5E0014A338 /* Lunch MoneyTests */ = {
			isa = PBXGroup;
			children = (
				C94E2C9A259B5E5E0014A338 /* Lunch_MoneyTests.swift */,
				C94E2C9C259B5E5E0014A338 /* Info.plist */,
			);
			path = "Lunch MoneyTests";
			sourceTree = "<group>";
		};
		C94E2CA4259B5E5F0014A338 /* Lunch MoneyUITests */ = {
			isa = PBXGroup;
			children = (
				C94E2CA5259B5E5F0014A338 /* Lunch_MoneyUITests.swift */,
				C94E2CA7259B5E5F0014A338 /* Info.plist */,
			);
			path = "Lunch MoneyUITests";
			sourceTree = "<group>";
		};
		C94E2CB6259B5EB40014A338 /* Model */ = {
			isa = PBXGroup;
			children = (
				C9C58069259D79B60046B24C /* Accounts */,
				C94E2CD3259CC0340014A338 /* Transactions */,
				C94E2CCC259BE2D90014A338 /* Categories */,
			);
			path = Model;
			sourceTree = "<group>";
		};
		C94E2CB7259B5EC10014A338 /* View */ = {
			isa = PBXGroup;
			children = (
				C991880225FDC9E2003A45F0 /* ExpensesVsIncome */,
				C9B27549259F991B00C841D6 /* RecentTransactionsCell */,
				C9C58095259E70990046B24C /* AccountsOverviewCell */,
			);
			path = View;
			sourceTree = "<group>";
		};
		C94E2CB8259B5EC60014A338 /* Controller */ = {
			isa = PBXGroup;
			children = (
				C979426A259F86C7002CF015 /* HomeViewController.swift */,
				C907C77525A15C1500A74E96 /* TransactionsViewController.swift */,
				C907C77A25A15C3D00A74E96 /* TransactionsFilterViewController.swift */,
			);
			path = Controller;
			sourceTree = "<group>";
		};
		C94E2CCC259BE2D90014A338 /* Categories */ = {
			isa = PBXGroup;
			children = (
				C94E2CBC259B62BA0014A338 /* CategoriesData.swift */,
				C94E2CC4259BE1750014A338 /* CategoriesManager.swift */,
				C907C79025AAAACB00A74E96 /* CategoryListModel.swift */,
			);
			path = Categories;
			sourceTree = "<group>";
		};
		C94E2CD3259CC0340014A338 /* Transactions */ = {
			isa = PBXGroup;
			children = (
				C94E2CD4259CC0540014A338 /* TransactionsData.swift */,
				C94E2CD9259CC07A0014A338 /* TransactionsManager.swift */,
				C907C79825AB470200A74E96 /* TransactionsModel.swift */,
			);
			path = Transactions;
			sourceTree = "<group>";
		};
		C991880225FDC9E2003A45F0 /* ExpensesVsIncome */ = {
			isa = PBXGroup;
			children = (
				C991880325FDCA3D003A45F0 /* ExpensesVsIncome.swift */,
				C991880B25FDCA4D003A45F0 /* ExpensesVsIncome.xib */,
			);
			path = ExpensesVsIncome;
			sourceTree = "<group>";
		};
		C9B27549259F991B00C841D6 /* RecentTransactionsCell */ = {
			isa = PBXGroup;
			children = (
				C9B2754A259F994C00C841D6 /* RecentTransactionsCell.swift */,
				C9B2754B259F994C00C841D6 /* RecentTransactionsCell.xib */,
			);
			path = RecentTransactionsCell;
			sourceTree = "<group>";
		};
		C9C58069259D79B60046B24C /* Accounts */ = {
			isa = PBXGroup;
			children = (
				C9C5806A259D79F80046B24C /* AccountsData.swift */,
				C9C5806F259D7C290046B24C /* AccountsManager.swift */,
			);
			path = Accounts;
			sourceTree = "<group>";
		};
		C9C58095259E70990046B24C /* AccountsOverviewCell */ = {
			isa = PBXGroup;
			children = (
				C9C58099259E73A80046B24C /* AccountsOverviewTableViewCell.swift */,
				C9C5809A259E73A80046B24C /* AccountsOverviewTableViewCell.xib */,
			);
			path = AccountsOverviewCell;
			sourceTree = "<group>";
		};
/* End PBXGroup section */

/* Begin PBXNativeTarget section */
		C94E2C7F259B5E550014A338 /* Lunch Money */ = {
			isa = PBXNativeTarget;
			buildConfigurationList = C94E2CAA259B5E5F0014A338 /* Build configuration list for PBXNativeTarget "Lunch Money" */;
			buildPhases = (
				C6788ACEEA460EAED71EBBA7 /* [CP] Check Pods Manifest.lock */,
				C94E2C7C259B5E550014A338 /* Sources */,
				C94E2C7D259B5E550014A338 /* Frameworks */,
				C94E2C7E259B5E550014A338 /* Resources */,
				C8F92D0055AF10B326AD20B1 /* [CP] Embed Pods Frameworks */,
			);
			buildRules = (
			);
			dependencies = (
			);
			name = "Lunch Money";
			productName = "Lunch Money";
			productReference = C94E2C80259B5E550014A338 /* Lunch Money.app */;
			productType = "com.apple.product-type.application";
		};
		C94E2C95259B5E5E0014A338 /* Lunch MoneyTests */ = {
			isa = PBXNativeTarget;
			buildConfigurationList = C94E2CAD259B5E5F0014A338 /* Build configuration list for PBXNativeTarget "Lunch MoneyTests" */;
			buildPhases = (
				E11DC70B22AA5B3664808D83 /* [CP] Check Pods Manifest.lock */,
				C94E2C92259B5E5E0014A338 /* Sources */,
				C94E2C93259B5E5E0014A338 /* Frameworks */,
				C94E2C94259B5E5E0014A338 /* Resources */,
			);
			buildRules = (
			);
			dependencies = (
				C94E2C98259B5E5E0014A338 /* PBXTargetDependency */,
			);
			name = "Lunch MoneyTests";
			productName = "Lunch MoneyTests";
			productReference = C94E2C96259B5E5E0014A338 /* Lunch MoneyTests.xctest */;
			productType = "com.apple.product-type.bundle.unit-test";
		};
		C94E2CA0259B5E5F0014A338 /* Lunch MoneyUITests */ = {
			isa = PBXNativeTarget;
			buildConfigurationList = C94E2CB0259B5E5F0014A338 /* Build configuration list for PBXNativeTarget "Lunch MoneyUITests" */;
			buildPhases = (
				ECB7BCBC90AE70A3EF04BBF1 /* [CP] Check Pods Manifest.lock */,
				C94E2C9D259B5E5F0014A338 /* Sources */,
				C94E2C9E259B5E5F0014A338 /* Frameworks */,
				C94E2C9F259B5E5F0014A338 /* Resources */,
				EDC1F3680530B561F5FE9E24 /* [CP] Embed Pods Frameworks */,
			);
			buildRules = (
			);
			dependencies = (
				C94E2CA3259B5E5F0014A338 /* PBXTargetDependency */,
			);
			name = "Lunch MoneyUITests";
			productName = "Lunch MoneyUITests";
			productReference = C94E2CA1259B5E5F0014A338 /* Lunch MoneyUITests.xctest */;
			productType = "com.apple.product-type.bundle.ui-testing";
		};
/* End PBXNativeTarget section */

/* Begin PBXProject section */
		C94E2C78259B5E550014A338 /* Project object */ = {
			isa = PBXProject;
			attributes = {
				LastSwiftUpdateCheck = 1220;
				LastUpgradeCheck = 1220;
				TargetAttributes = {
					C94E2C7F259B5E550014A338 = {
						CreatedOnToolsVersion = 12.2;
					};
					C94E2C95259B5E5E0014A338 = {
						CreatedOnToolsVersion = 12.2;
						TestTargetID = C94E2C7F259B5E550014A338;
					};
					C94E2CA0259B5E5F0014A338 = {
						CreatedOnToolsVersion = 12.2;
						TestTargetID = C94E2C7F259B5E550014A338;
					};
				};
			};
			buildConfigurationList = C94E2C7B259B5E550014A338 /* Build configuration list for PBXProject "Lunch Money" */;
			compatibilityVersion = "Xcode 9.3";
			developmentRegion = en;
			hasScannedForEncodings = 0;
			knownRegions = (
				en,
				Base,
			);
			mainGroup = C94E2C77259B5E550014A338;
			productRefGroup = C94E2C81259B5E550014A338 /* Products */;
			projectDirPath = "";
			projectRoot = "";
			targets = (
				C94E2C7F259B5E550014A338 /* Lunch Money */,
				C94E2C95259B5E5E0014A338 /* Lunch MoneyTests */,
				C94E2CA0259B5E5F0014A338 /* Lunch MoneyUITests */,
			);
		};
/* End PBXProject section */

/* Begin PBXResourcesBuildPhase section */
		C94E2C7E259B5E550014A338 /* Resources */ = {
			isa = PBXResourcesBuildPhase;
			buildActionMask = 2147483647;
			files = (
				C9B2754D259F994C00C841D6 /* RecentTransactionsCell.xib in Resources */,
				C9C5809C259E73A80046B24C /* AccountsOverviewTableViewCell.xib in Resources */,
				C94E2C90259B5E5E0014A338 /* LaunchScreen.storyboard in Resources */,
				C94E2C8D259B5E5E0014A338 /* Assets.xcassets in Resources */,
				C991880C25FDCA4D003A45F0 /* ExpensesVsIncome.xib in Resources */,
				C94E2C8B259B5E550014A338 /* Main.storyboard in Resources */,
			);
			runOnlyForDeploymentPostprocessing = 0;
		};
		C94E2C94259B5E5E0014A338 /* Resources */ = {
			isa = PBXResourcesBuildPhase;
			buildActionMask = 2147483647;
			files = (
			);
			runOnlyForDeploymentPostprocessing = 0;
		};
		C94E2C9F259B5E5F0014A338 /* Resources */ = {
			isa = PBXResourcesBuildPhase;
			buildActionMask = 2147483647;
			files = (
			);
			runOnlyForDeploymentPostprocessing = 0;
		};
/* End PBXResourcesBuildPhase section */

/* Begin PBXShellScriptBuildPhase section */
		C6788ACEEA460EAED71EBBA7 /* [CP] Check Pods Manifest.lock */ = {
			isa = PBXShellScriptBuildPhase;
			buildActionMask = 2147483647;
			files = (
			);
			inputFileListPaths = (
			);
			inputPaths = (
				"${PODS_PODFILE_DIR_PATH}/Podfile.lock",
				"${PODS_ROOT}/Manifest.lock",
			);
			name = "[CP] Check Pods Manifest.lock";
			outputFileListPaths = (
			);
			outputPaths = (
				"$(DERIVED_FILE_DIR)/Pods-Lunch Money-checkManifestLockResult.txt",
			);
			runOnlyForDeploymentPostprocessing = 0;
			shellPath = /bin/sh;
			shellScript = "diff \"${PODS_PODFILE_DIR_PATH}/Podfile.lock\" \"${PODS_ROOT}/Manifest.lock\" > /dev/null\nif [ $? != 0 ] ; then\n    # print error to STDERR\n    echo \"error: The sandbox is not in sync with the Podfile.lock. Run 'pod install' or update your CocoaPods installation.\" >&2\n    exit 1\nfi\n# This output is used by Xcode 'outputs' to avoid re-running this script phase.\necho \"SUCCESS\" > \"${SCRIPT_OUTPUT_FILE_0}\"\n";
			showEnvVarsInLog = 0;
		};
		C8F92D0055AF10B326AD20B1 /* [CP] Embed Pods Frameworks */ = {
			isa = PBXShellScriptBuildPhase;
			buildActionMask = 2147483647;
			files = (
			);
			inputFileListPaths = (
				"${PODS_ROOT}/Target Support Files/Pods-Lunch Money/Pods-Lunch Money-frameworks-${CONFIGURATION}-input-files.xcfilelist",
			);
			name = "[CP] Embed Pods Frameworks";
			outputFileListPaths = (
				"${PODS_ROOT}/Target Support Files/Pods-Lunch Money/Pods-Lunch Money-frameworks-${CONFIGURATION}-output-files.xcfilelist",
			);
			runOnlyForDeploymentPostprocessing = 0;
			shellPath = /bin/sh;
			shellScript = "\"${PODS_ROOT}/Target Support Files/Pods-Lunch Money/Pods-Lunch Money-frameworks.sh\"\n";
			showEnvVarsInLog = 0;
		};
		E11DC70B22AA5B3664808D83 /* [CP] Check Pods Manifest.lock */ = {
			isa = PBXShellScriptBuildPhase;
			buildActionMask = 2147483647;
			files = (
			);
			inputFileListPaths = (
			);
			inputPaths = (
				"${PODS_PODFILE_DIR_PATH}/Podfile.lock",
				"${PODS_ROOT}/Manifest.lock",
			);
			name = "[CP] Check Pods Manifest.lock";
			outputFileListPaths = (
			);
			outputPaths = (
				"$(DERIVED_FILE_DIR)/Pods-Lunch MoneyTests-checkManifestLockResult.txt",
			);
			runOnlyForDeploymentPostprocessing = 0;
			shellPath = /bin/sh;
			shellScript = "diff \"${PODS_PODFILE_DIR_PATH}/Podfile.lock\" \"${PODS_ROOT}/Manifest.lock\" > /dev/null\nif [ $? != 0 ] ; then\n    # print error to STDERR\n    echo \"error: The sandbox is not in sync with the Podfile.lock. Run 'pod install' or update your CocoaPods installation.\" >&2\n    exit 1\nfi\n# This output is used by Xcode 'outputs' to avoid re-running this script phase.\necho \"SUCCESS\" > \"${SCRIPT_OUTPUT_FILE_0}\"\n";
			showEnvVarsInLog = 0;
		};
		ECB7BCBC90AE70A3EF04BBF1 /* [CP] Check Pods Manifest.lock */ = {
			isa = PBXShellScriptBuildPhase;
			buildActionMask = 2147483647;
			files = (
			);
			inputFileListPaths = (
			);
			inputPaths = (
				"${PODS_PODFILE_DIR_PATH}/Podfile.lock",
				"${PODS_ROOT}/Manifest.lock",
			);
			name = "[CP] Check Pods Manifest.lock";
			outputFileListPaths = (
			);
			outputPaths = (
				"$(DERIVED_FILE_DIR)/Pods-Lunch Money-Lunch MoneyUITests-checkManifestLockResult.txt",
			);
			runOnlyForDeploymentPostprocessing = 0;
			shellPath = /bin/sh;
			shellScript = "diff \"${PODS_PODFILE_DIR_PATH}/Podfile.lock\" \"${PODS_ROOT}/Manifest.lock\" > /dev/null\nif [ $? != 0 ] ; then\n    # print error to STDERR\n    echo \"error: The sandbox is not in sync with the Podfile.lock. Run 'pod install' or update your CocoaPods installation.\" >&2\n    exit 1\nfi\n# This output is used by Xcode 'outputs' to avoid re-running this script phase.\necho \"SUCCESS\" > \"${SCRIPT_OUTPUT_FILE_0}\"\n";
			showEnvVarsInLog = 0;
		};
		EDC1F3680530B561F5FE9E24 /* [CP] Embed Pods Frameworks */ = {
			isa = PBXShellScriptBuildPhase;
			buildActionMask = 2147483647;
			files = (
			);
			inputFileListPaths = (
				"${PODS_ROOT}/Target Support Files/Pods-Lunch Money-Lunch MoneyUITests/Pods-Lunch Money-Lunch MoneyUITests-frameworks-${CONFIGURATION}-input-files.xcfilelist",
			);
			name = "[CP] Embed Pods Frameworks";
			outputFileListPaths = (
				"${PODS_ROOT}/Target Support Files/Pods-Lunch Money-Lunch MoneyUITests/Pods-Lunch Money-Lunch MoneyUITests-frameworks-${CONFIGURATION}-output-files.xcfilelist",
			);
			runOnlyForDeploymentPostprocessing = 0;
			shellPath = /bin/sh;
			shellScript = "\"${PODS_ROOT}/Target Support Files/Pods-Lunch Money-Lunch MoneyUITests/Pods-Lunch Money-Lunch MoneyUITests-frameworks.sh\"\n";
			showEnvVarsInLog = 0;
		};
/* End PBXShellScriptBuildPhase section */

/* Begin PBXSourcesBuildPhase section */
		C94E2C7C259B5E550014A338 /* Sources */ = {
			isa = PBXSourcesBuildPhase;
			buildActionMask = 2147483647;
			files = (
				C979426B259F86C7002CF015 /* HomeViewController.swift in Sources */,
				C94E2CDA259CC07A0014A338 /* TransactionsManager.swift in Sources */,
				C907C79125AAAACB00A74E96 /* CategoryListModel.swift in Sources */,
				C94E2C88259B5E550014A338 /* ViewController.swift in Sources */,
				C94E2CBD259B62BA0014A338 /* CategoriesData.swift in Sources */,
				C94E2CD5259CC0540014A338 /* TransactionsData.swift in Sources */,
				C907C77625A15C1500A74E96 /* TransactionsViewController.swift in Sources */,
				C991880425FDCA3D003A45F0 /* ExpensesVsIncome.swift in Sources */,
				C9B2754C259F994C00C841D6 /* RecentTransactionsCell.swift in Sources */,
				C907C78525A2982E00A74E96 /* Utils.swift in Sources */,
				C9C58070259D7C290046B24C /* AccountsManager.swift in Sources */,
				C907C78025A2915A00A74E96 /* constants.swift in Sources */,
				C94E2C84259B5E550014A338 /* AppDelegate.swift in Sources */,
				C9C5809B259E73A80046B24C /* AccountsOverviewTableViewCell.swift in Sources */,
				C94E2CC5259BE1750014A338 /* CategoriesManager.swift in Sources */,
				C907C77B25A15C3D00A74E96 /* TransactionsFilterViewController.swift in Sources */,
				C9C5806B259D79F80046B24C /* AccountsData.swift in Sources */,
				C907C79925AB470200A74E96 /* TransactionsModel.swift in Sources */,
				C94E2C86259B5E550014A338 /* SceneDelegate.swift in Sources */,
			);
			runOnlyForDeploymentPostprocessing = 0;
		};
		C94E2C92259B5E5E0014A338 /* Sources */ = {
			isa = PBXSourcesBuildPhase;
			buildActionMask = 2147483647;
			files = (
				C94E2C9B259B5E5E0014A338 /* Lunch_MoneyTests.swift in Sources */,
			);
			runOnlyForDeploymentPostprocessing = 0;
		};
		C94E2C9D259B5E5F0014A338 /* Sources */ = {
			isa = PBXSourcesBuildPhase;
			buildActionMask = 2147483647;
			files = (
				C94E2CA6259B5E5F0014A338 /* Lunch_MoneyUITests.swift in Sources */,
			);
			runOnlyForDeploymentPostprocessing = 0;
		};
/* End PBXSourcesBuildPhase section */

/* Begin PBXTargetDependency section */
		C94E2C98259B5E5E0014A338 /* PBXTargetDependency */ = {
			isa = PBXTargetDependency;
			target = C94E2C7F259B5E550014A338 /* Lunch Money */;
			targetProxy = C94E2C97259B5E5E0014A338 /* PBXContainerItemProxy */;
		};
		C94E2CA3259B5E5F0014A338 /* PBXTargetDependency */ = {
			isa = PBXTargetDependency;
			target = C94E2C7F259B5E550014A338 /* Lunch Money */;
			targetProxy = C94E2CA2259B5E5F0014A338 /* PBXContainerItemProxy */;
		};
/* End PBXTargetDependency section */

/* Begin PBXVariantGroup section */
		C94E2C89259B5E550014A338 /* Main.storyboard */ = {
			isa = PBXVariantGroup;
			children = (
				C94E2C8A259B5E550014A338 /* Base */,
			);
			name = Main.storyboard;
			sourceTree = "<group>";
		};
		C94E2C8E259B5E5E0014A338 /* LaunchScreen.storyboard */ = {
			isa = PBXVariantGroup;
			children = (
				C94E2C8F259B5E5E0014A338 /* Base */,
			);
			name = LaunchScreen.storyboard;
			sourceTree = "<group>";
		};
/* End PBXVariantGroup section */

/* Begin XCBuildConfiguration section */
		C94E2CA8259B5E5F0014A338 /* Debug */ = {
			isa = XCBuildConfiguration;
			buildSettings = {
				ALWAYS_SEARCH_USER_PATHS = NO;
				CLANG_ANALYZER_NONNULL = YES;
				CLANG_ANALYZER_NUMBER_OBJECT_CONVERSION = YES_AGGRESSIVE;
				CLANG_CXX_LANGUAGE_STANDARD = "gnu++14";
				CLANG_CXX_LIBRARY = "libc++";
				CLANG_ENABLE_MODULES = YES;
				CLANG_ENABLE_OBJC_ARC = YES;
				CLANG_ENABLE_OBJC_WEAK = YES;
				CLANG_WARN_BLOCK_CAPTURE_AUTORELEASING = YES;
				CLANG_WARN_BOOL_CONVERSION = YES;
				CLANG_WARN_COMMA = YES;
				CLANG_WARN_CONSTANT_CONVERSION = YES;
				CLANG_WARN_DEPRECATED_OBJC_IMPLEMENTATIONS = YES;
				CLANG_WARN_DIRECT_OBJC_ISA_USAGE = YES_ERROR;
				CLANG_WARN_DOCUMENTATION_COMMENTS = YES;
				CLANG_WARN_EMPTY_BODY = YES;
				CLANG_WARN_ENUM_CONVERSION = YES;
				CLANG_WARN_INFINITE_RECURSION = YES;
				CLANG_WARN_INT_CONVERSION = YES;
				CLANG_WARN_NON_LITERAL_NULL_CONVERSION = YES;
				CLANG_WARN_OBJC_IMPLICIT_RETAIN_SELF = YES;
				CLANG_WARN_OBJC_LITERAL_CONVERSION = YES;
				CLANG_WARN_OBJC_ROOT_CLASS = YES_ERROR;
				CLANG_WARN_QUOTED_INCLUDE_IN_FRAMEWORK_HEADER = YES;
				CLANG_WARN_RANGE_LOOP_ANALYSIS = YES;
				CLANG_WARN_STRICT_PROTOTYPES = YES;
				CLANG_WARN_SUSPICIOUS_MOVE = YES;
				CLANG_WARN_UNGUARDED_AVAILABILITY = YES_AGGRESSIVE;
				CLANG_WARN_UNREACHABLE_CODE = YES;
				CLANG_WARN__DUPLICATE_METHOD_MATCH = YES;
				COPY_PHASE_STRIP = NO;
				DEBUG_INFORMATION_FORMAT = dwarf;
				ENABLE_STRICT_OBJC_MSGSEND = YES;
				ENABLE_TESTABILITY = YES;
				GCC_C_LANGUAGE_STANDARD = gnu11;
				GCC_DYNAMIC_NO_PIC = NO;
				GCC_NO_COMMON_BLOCKS = YES;
				GCC_OPTIMIZATION_LEVEL = 0;
				GCC_PREPROCESSOR_DEFINITIONS = (
					"DEBUG=1",
					"$(inherited)",
				);
				GCC_WARN_64_TO_32_BIT_CONVERSION = YES;
				GCC_WARN_ABOUT_RETURN_TYPE = YES_ERROR;
				GCC_WARN_UNDECLARED_SELECTOR = YES;
				GCC_WARN_UNINITIALIZED_AUTOS = YES_AGGRESSIVE;
				GCC_WARN_UNUSED_FUNCTION = YES;
				GCC_WARN_UNUSED_VARIABLE = YES;
				IPHONEOS_DEPLOYMENT_TARGET = 14.2;
				MTL_ENABLE_DEBUG_INFO = INCLUDE_SOURCE;
				MTL_FAST_MATH = YES;
				ONLY_ACTIVE_ARCH = YES;
				SDKROOT = iphoneos;
				SWIFT_ACTIVE_COMPILATION_CONDITIONS = DEBUG;
				SWIFT_OPTIMIZATION_LEVEL = "-Onone";
			};
			name = Debug;
		};
		C94E2CA9259B5E5F0014A338 /* Release */ = {
			isa = XCBuildConfiguration;
			buildSettings = {
				ALWAYS_SEARCH_USER_PATHS = NO;
				CLANG_ANALYZER_NONNULL = YES;
				CLANG_ANALYZER_NUMBER_OBJECT_CONVERSION = YES_AGGRESSIVE;
				CLANG_CXX_LANGUAGE_STANDARD = "gnu++14";
				CLANG_CXX_LIBRARY = "libc++";
				CLANG_ENABLE_MODULES = YES;
				CLANG_ENABLE_OBJC_ARC = YES;
				CLANG_ENABLE_OBJC_WEAK = YES;
				CLANG_WARN_BLOCK_CAPTURE_AUTORELEASING = YES;
				CLANG_WARN_BOOL_CONVERSION = YES;
				CLANG_WARN_COMMA = YES;
				CLANG_WARN_CONSTANT_CONVERSION = YES;
				CLANG_WARN_DEPRECATED_OBJC_IMPLEMENTATIONS = YES;
				CLANG_WARN_DIRECT_OBJC_ISA_USAGE = YES_ERROR;
				CLANG_WARN_DOCUMENTATION_COMMENTS = YES;
				CLANG_WARN_EMPTY_BODY = YES;
				CLANG_WARN_ENUM_CONVERSION = YES;
				CLANG_WARN_INFINITE_RECURSION = YES;
				CLANG_WARN_INT_CONVERSION = YES;
				CLANG_WARN_NON_LITERAL_NULL_CONVERSION = YES;
				CLANG_WARN_OBJC_IMPLICIT_RETAIN_SELF = YES;
				CLANG_WARN_OBJC_LITERAL_CONVERSION = YES;
				CLANG_WARN_OBJC_ROOT_CLASS = YES_ERROR;
				CLANG_WARN_QUOTED_INCLUDE_IN_FRAMEWORK_HEADER = YES;
				CLANG_WARN_RANGE_LOOP_ANALYSIS = YES;
				CLANG_WARN_STRICT_PROTOTYPES = YES;
				CLANG_WARN_SUSPICIOUS_MOVE = YES;
				CLANG_WARN_UNGUARDED_AVAILABILITY = YES_AGGRESSIVE;
				CLANG_WARN_UNREACHABLE_CODE = YES;
				CLANG_WARN__DUPLICATE_METHOD_MATCH = YES;
				COPY_PHASE_STRIP = NO;
				DEBUG_INFORMATION_FORMAT = "dwarf-with-dsym";
				ENABLE_NS_ASSERTIONS = NO;
				ENABLE_STRICT_OBJC_MSGSEND = YES;
				GCC_C_LANGUAGE_STANDARD = gnu11;
				GCC_NO_COMMON_BLOCKS = YES;
				GCC_WARN_64_TO_32_BIT_CONVERSION = YES;
				GCC_WARN_ABOUT_RETURN_TYPE = YES_ERROR;
				GCC_WARN_UNDECLARED_SELECTOR = YES;
				GCC_WARN_UNINITIALIZED_AUTOS = YES_AGGRESSIVE;
				GCC_WARN_UNUSED_FUNCTION = YES;
				GCC_WARN_UNUSED_VARIABLE = YES;
				IPHONEOS_DEPLOYMENT_TARGET = 14.2;
				MTL_ENABLE_DEBUG_INFO = NO;
				MTL_FAST_MATH = YES;
				SDKROOT = iphoneos;
				SWIFT_COMPILATION_MODE = wholemodule;
				SWIFT_OPTIMIZATION_LEVEL = "-O";
				VALIDATE_PRODUCT = YES;
			};
			name = Release;
		};
		C94E2CAB259B5E5F0014A338 /* Debug */ = {
			isa = XCBuildConfiguration;
			baseConfigurationReference = 5332A5CDF9D11571BCB5085E /* Pods-Lunch Money.debug.xcconfig */;
			buildSettings = {
				ASSETCATALOG_COMPILER_APPICON_NAME = AppIcon;
				ASSETCATALOG_COMPILER_GLOBAL_ACCENT_COLOR_NAME = AccentColor;
				CODE_SIGN_STYLE = Automatic;
				DEVELOPMENT_TEAM = S974BD6NL5;
				INFOPLIST_FILE = "Lunch Money/Info.plist";
				LD_RUNPATH_SEARCH_PATHS = (
					"$(inherited)",
					"@executable_path/Frameworks",
				);
				PRODUCT_BUNDLE_IDENTIFIER = "com.mallimo.Lunch-Money";
				PRODUCT_NAME = "$(TARGET_NAME)";
				SWIFT_VERSION = 5.0;
				TARGETED_DEVICE_FAMILY = "1,2";
			};
			name = Debug;
		};
		C94E2CAC259B5E5F0014A338 /* Release */ = {
			isa = XCBuildConfiguration;
			baseConfigurationReference = 6F25C73E10DCD7A392CFC71A /* Pods-Lunch Money.release.xcconfig */;
			buildSettings = {
				ASSETCATALOG_COMPILER_APPICON_NAME = AppIcon;
				ASSETCATALOG_COMPILER_GLOBAL_ACCENT_COLOR_NAME = AccentColor;
				CODE_SIGN_STYLE = Automatic;
				DEVELOPMENT_TEAM = S974BD6NL5;
				INFOPLIST_FILE = "Lunch Money/Info.plist";
				LD_RUNPATH_SEARCH_PATHS = (
					"$(inherited)",
					"@executable_path/Frameworks",
				);
				PRODUCT_BUNDLE_IDENTIFIER = "com.mallimo.Lunch-Money";
				PRODUCT_NAME = "$(TARGET_NAME)";
				SWIFT_VERSION = 5.0;
				TARGETED_DEVICE_FAMILY = "1,2";
			};
			name = Release;
		};
		C94E2CAE259B5E5F0014A338 /* Debug */ = {
			isa = XCBuildConfiguration;
			baseConfigurationReference = A1698A7312E42BE5CD4A316A /* Pods-Lunch MoneyTests.debug.xcconfig */;
			buildSettings = {
				ALWAYS_EMBED_SWIFT_STANDARD_LIBRARIES = YES;
				BUNDLE_LOADER = "$(TEST_HOST)";
				CODE_SIGN_STYLE = Automatic;
				DEVELOPMENT_TEAM = S974BD6NL5;
				INFOPLIST_FILE = "Lunch MoneyTests/Info.plist";
				IPHONEOS_DEPLOYMENT_TARGET = 14.2;
				LD_RUNPATH_SEARCH_PATHS = (
					"$(inherited)",
					"@executable_path/Frameworks",
					"@loader_path/Frameworks",
				);
				PRODUCT_BUNDLE_IDENTIFIER = "com.mallimo.Lunch-MoneyTests";
				PRODUCT_NAME = "$(TARGET_NAME)";
				SWIFT_VERSION = 5.0;
				TARGETED_DEVICE_FAMILY = "1,2";
				TEST_HOST = "$(BUILT_PRODUCTS_DIR)/Lunch Money.app/Lunch Money";
			};
			name = Debug;
		};
		C94E2CAF259B5E5F0014A338 /* Release */ = {
			isa = XCBuildConfiguration;
			baseConfigurationReference = 1C657D2C2BF9787B3E3E1C1D /* Pods-Lunch MoneyTests.release.xcconfig */;
			buildSettings = {
				ALWAYS_EMBED_SWIFT_STANDARD_LIBRARIES = YES;
				BUNDLE_LOADER = "$(TEST_HOST)";
				CODE_SIGN_STYLE = Automatic;
				DEVELOPMENT_TEAM = S974BD6NL5;
				INFOPLIST_FILE = "Lunch MoneyTests/Info.plist";
				IPHONEOS_DEPLOYMENT_TARGET = 14.2;
				LD_RUNPATH_SEARCH_PATHS = (
					"$(inherited)",
					"@executable_path/Frameworks",
					"@loader_path/Frameworks",
				);
				PRODUCT_BUNDLE_IDENTIFIER = "com.mallimo.Lunch-MoneyTests";
				PRODUCT_NAME = "$(TARGET_NAME)";
				SWIFT_VERSION = 5.0;
				TARGETED_DEVICE_FAMILY = "1,2";
				TEST_HOST = "$(BUILT_PRODUCTS_DIR)/Lunch Money.app/Lunch Money";
			};
			name = Release;
		};
		C94E2CB1259B5E5F0014A338 /* Debug */ = {
			isa = XCBuildConfiguration;
			baseConfigurationReference = 5F24ADB2522E5A90CC035148 /* Pods-Lunch Money-Lunch MoneyUITests.debug.xcconfig */;
			buildSettings = {
				ALWAYS_EMBED_SWIFT_STANDARD_LIBRARIES = YES;
				CODE_SIGN_STYLE = Automatic;
				DEVELOPMENT_TEAM = S974BD6NL5;
				INFOPLIST_FILE = "Lunch MoneyUITests/Info.plist";
				LD_RUNPATH_SEARCH_PATHS = (
					"$(inherited)",
					"@executable_path/Frameworks",
					"@loader_path/Frameworks",
				);
				PRODUCT_BUNDLE_IDENTIFIER = "com.mallimo.Lunch-MoneyUITests";
				PRODUCT_NAME = "$(TARGET_NAME)";
				SWIFT_VERSION = 5.0;
				TARGETED_DEVICE_FAMILY = "1,2";
				TEST_TARGET_NAME = "Lunch Money";
			};
			name = Debug;
		};
		C94E2CB2259B5E5F0014A338 /* Release */ = {
			isa = XCBuildConfiguration;
			baseConfigurationReference = 7B281F6FC08B331564093B28 /* Pods-Lunch Money-Lunch MoneyUITests.release.xcconfig */;
			buildSettings = {
				ALWAYS_EMBED_SWIFT_STANDARD_LIBRARIES = YES;
				CODE_SIGN_STYLE = Automatic;
				DEVELOPMENT_TEAM = S974BD6NL5;
				INFOPLIST_FILE = "Lunch MoneyUITests/Info.plist";
				LD_RUNPATH_SEARCH_PATHS = (
					"$(inherited)",
					"@executable_path/Frameworks",
					"@loader_path/Frameworks",
				);
				PRODUCT_BUNDLE_IDENTIFIER = "com.mallimo.Lunch-MoneyUITests";
				PRODUCT_NAME = "$(TARGET_NAME)";
				SWIFT_VERSION = 5.0;
				TARGETED_DEVICE_FAMILY = "1,2";
				TEST_TARGET_NAME = "Lunch Money";
			};
			name = Release;
		};
/* End XCBuildConfiguration section */

/* Begin XCConfigurationList section */
		C94E2C7B259B5E550014A338 /* Build configuration list for PBXProject "Lunch Money" */ = {
			isa = XCConfigurationList;
			buildConfigurations = (
				C94E2CA8259B5E5F0014A338 /* Debug */,
				C94E2CA9259B5E5F0014A338 /* Release */,
			);
			defaultConfigurationIsVisible = 0;
			defaultConfigurationName = Release;
		};
		C94E2CAA259B5E5F0014A338 /* Build configuration list for PBXNativeTarget "Lunch Money" */ = {
			isa = XCConfigurationList;
			buildConfigurations = (
				C94E2CAB259B5E5F0014A338 /* Debug */,
				C94E2CAC259B5E5F0014A338 /* Release */,
			);
			defaultConfigurationIsVisible = 0;
			defaultConfigurationName = Release;
		};
		C94E2CAD259B5E5F0014A338 /* Build configuration list for PBXNativeTarget "Lunch MoneyTests" */ = {
			isa = XCConfigurationList;
			buildConfigurations = (
				C94E2CAE259B5E5F0014A338 /* Debug */,
				C94E2CAF259B5E5F0014A338 /* Release */,
			);
			defaultConfigurationIsVisible = 0;
			defaultConfigurationName = Release;
		};
		C94E2CB0259B5E5F0014A338 /* Build configuration list for PBXNativeTarget "Lunch MoneyUITests" */ = {
			isa = XCConfigurationList;
			buildConfigurations = (
				C94E2CB1259B5E5F0014A338 /* Debug */,
				C94E2CB2259B5E5F0014A338 /* Release */,
			);
			defaultConfigurationIsVisible = 0;
			defaultConfigurationName = Release;
		};
/* End XCConfigurationList section */
	};
	rootObject = C94E2C78259B5E550014A338 /* Project object */;
}
